<?xml version="1.0" encoding="utf-8"?>
<Project ToolsVersion="4.0" xmlns="http://schemas.microsoft.com/developer/msbuild/2003">
  <ItemGroup>
    <Filter Include="소스 파일">
      <UniqueIdentifier>{4FC737F1-C7A5-4376-A066-2A32D752A2FF}</UniqueIdentifier>
      <Extensions>cpp;c;cc;cxx;def;odl;idl;hpj;bat;asm;asmx</Extensions>
    </Filter>
    <Filter Include="헤더 파일">
      <UniqueIdentifier>{93995380-89BD-4b04-88EB-625FBE52EBFB}</UniqueIdentifier>
      <Extensions>h;hh;hpp;hxx;hm;inl;inc;xsd</Extensions>
    </Filter>
    <Filter Include="리소스 파일">
      <UniqueIdentifier>{67DA6AB6-F800-4c08-8B7A-83BB121AAD01}</UniqueIdentifier>
      <Extensions>rc;ico;cur;bmp;dlg;rc2;rct;bin;rgs;gif;jpg;jpeg;jpe;resx;tiff;tif;png;wav;mfcribbon-ms</Extensions>
    </Filter>
    <Filter Include="CodeAdapterSFML">
      <UniqueIdentifier>{340981e4-269d-4f13-b20e-8603e03a26e3}</UniqueIdentifier>
    </Filter>
    <Filter Include="Audio">
      <UniqueIdentifier>{944e6146-1c9d-4e4d-a830-1e4f3647644d}</UniqueIdentifier>
    </Filter>
    <Filter Include="Drawing">
      <UniqueIdentifier>{32aedcec-dc2a-483e-8a09-7a9032548a2c}</UniqueIdentifier>
    </Filter>
    <Filter Include="Network">
      <UniqueIdentifier>{aa616187-0e75-434a-9791-527fe55f479d}</UniqueIdentifier>
    </Filter>
    <Filter Include="System">
      <UniqueIdentifier>{ee7e8f8d-b3e5-4954-95ee-2b68e57d6dbf}</UniqueIdentifier>
    </Filter>
    <Filter Include="Utility">
      <UniqueIdentifier>{7983645d-ac97-4890-8791-2fda73d9963c}</UniqueIdentifier>
    </Filter>
  </ItemGroup>
  <ItemGroup>
    <ClInclude Include="Window.h">
      <Filter>Drawing</Filter>
    </ClInclude>
    <ClInclude Include="SFMLFactory.h">
      <Filter>CodeAdapterSFML</Filter>
    </ClInclude>
    <ClInclude Include="TextArtist.h">
      <Filter>Drawing</Filter>
    </ClInclude>
    <ClInclude Include="RectangleArtist.h">
      <Filter>Drawing</Filter>
    </ClInclude>
    <ClInclude Include="EllipseArtist.h">
      <Filter>Drawing</Filter>
    </ClInclude>
  </ItemGroup>
  <ItemGroup>
    <ClCompile Include="Window.cpp">
      <Filter>Drawing</Filter>
    </ClCompile>
    <ClCompile Include="SFMLFactory.cpp">
      <Filter>CodeAdapterSFML</Filter>
    </ClCompile>
    <ClCompile Include="TextArtist.cpp">
      <Filter>Drawing</Filter>
    </ClCompile>
    <ClCompile Include="RectangleArtist.cpp">
      <Filter>Drawing</Filter>
    </ClCompile>
    <ClCompile Include="EllipseArtist.cpp">
      <Filter>Drawing</Filter>
    </ClCompile>
  </ItemGroup>
</Project>