<?xml version="1.0" encoding="utf-8"?>
<Project ToolsVersion="4.0" xmlns="http://schemas.microsoft.com/developer/msbuild/2003">
  <ItemGroup>
    <Filter Include="소스 파일">
      <UniqueIdentifier>{4FC737F1-C7A5-4376-A066-2A32D752A2FF}</UniqueIdentifier>
      <Extensions>cpp;c;cc;cxx;def;odl;idl;hpj;bat;asm;asmx</Extensions>
    </Filter>
    <Filter Include="헤더 파일">
      <UniqueIdentifier>{93995380-89BD-4b04-88EB-625FBE52EBFB}</UniqueIdentifier>
      <Extensions>h;hh;hpp;hxx;hm;inl;inc;xsd</Extensions>
    </Filter>
    <Filter Include="리소스 파일">
      <UniqueIdentifier>{67DA6AB6-F800-4c08-8B7A-83BB121AAD01}</UniqueIdentifier>
      <Extensions>rc;ico;cur;bmp;dlg;rc2;rct;bin;rgs;gif;jpg;jpeg;jpe;resx;tiff;tif;png;wav;mfcribbon-ms</Extensions>
    </Filter>
    <Filter Include="CodeAdapter">
      <UniqueIdentifier>{74cdc343-b56b-4417-ab54-4f3e75672020}</UniqueIdentifier>
    </Filter>
    <Filter Include="Drawing">
      <UniqueIdentifier>{bc00ef30-199a-4b93-8df6-9774e0dec89a}</UniqueIdentifier>
    </Filter>
    <Filter Include="Network">
      <UniqueIdentifier>{37b84d78-daee-415b-997a-53c357ddf4c4}</UniqueIdentifier>
    </Filter>
    <Filter Include="System">
      <UniqueIdentifier>{36948eae-e1d9-4b17-87af-90d26cde5a66}</UniqueIdentifier>
    </Filter>
    <Filter Include="Audio">
      <UniqueIdentifier>{287d3664-ad7f-43b1-bdb0-59c23876b77e}</UniqueIdentifier>
    </Filter>
    <Filter Include="Utility">
      <UniqueIdentifier>{813a8b64-b7a0-4dc5-9991-251a96fac1bd}</UniqueIdentifier>
    </Filter>
    <Filter Include="UI">
      <UniqueIdentifier>{ac44ecbf-9c12-4937-8245-cbf9f175a1cd}</UniqueIdentifier>
    </Filter>
  </ItemGroup>
  <ItemGroup>
    <ClInclude Include="Definition.h">
      <Filter>CodeAdapter</Filter>
    </ClInclude>
    <ClInclude Include="CodeAdapter.h">
      <Filter>CodeAdapter</Filter>
    </ClInclude>
    <ClInclude Include="Point.h">
      <Filter>Drawing</Filter>
    </ClInclude>
    <ClInclude Include="CAType.h">
      <Filter>CodeAdapter</Filter>
    </ClInclude>
    <ClInclude Include="Size.h">
      <Filter>Drawing</Filter>
    </ClInclude>
    <ClInclude Include="Vector.h">
      <Filter>Drawing</Filter>
    </ClInclude>
    <ClInclude Include="Rectangle.h">
      <Filter>Drawing</Filter>
    </ClInclude>
    <ClInclude Include="Window.h">
      <Filter>Drawing</Filter>
    </ClInclude>
    <ClInclude Include="Color.h">
      <Filter>Drawing</Filter>
    </ClInclude>
    <ClInclude Include="String.h">
      <Filter>Utility</Filter>
    </ClInclude>
    <ClInclude Include="Factory.h">
      <Filter>CodeAdapter</Filter>
    </ClInclude>
    <ClInclude Include="Panel.h">
      <Filter>Drawing</Filter>
    </ClInclude>
    <ClInclude Include="Drawable.h">
      <Filter>Drawing</Filter>
    </ClInclude>
    <ClInclude Include="Graphics.h">
      <Filter>Drawing</Filter>
    </ClInclude>
    <ClInclude Include="Transform.h">
      <Filter>Drawing</Filter>
    </ClInclude>
    <ClInclude Include="TextArtist.h">
      <Filter>Drawing</Filter>
    </ClInclude>
    <ClInclude Include="DrawableRectangle.h">
      <Filter>Drawing</Filter>
    </ClInclude>
    <ClInclude Include="RectangleArtist.h">
      <Filter>Drawing</Filter>
    </ClInclude>
    <ClInclude Include="Artist.h">
      <Filter>Drawing</Filter>
    </ClInclude>
    <ClInclude Include="SharedObject.h">
      <Filter>Utility</Filter>
    </ClInclude>
    <ClInclude Include="BasicDeclaration.h">
      <Filter>CodeAdapter</Filter>
    </ClInclude>
    <ClInclude Include="DrawableEllipse.h">
      <Filter>Drawing</Filter>
    </ClInclude>
    <ClInclude Include="EllipseArtist.h">
      <Filter>Drawing</Filter>
    </ClInclude>
    <ClInclude Include="LineArtist.h">
      <Filter>Drawing</Filter>
    </ClInclude>
    <ClInclude Include="Line.h">
      <Filter>Drawing</Filter>
    </ClInclude>
    <ClInclude Include="DrawableLine.h">
      <Filter>Drawing</Filter>
    </ClInclude>
    <ClInclude Include="Font.h">
      <Filter>Drawing</Filter>
    </ClInclude>
    <ClInclude Include="DrawableText.h">
      <Filter>Drawing</Filter>
    </ClInclude>
    <ClInclude Include="Texture.h">
      <Filter>Drawing</Filter>
    </ClInclude>
    <ClInclude Include="TextureArtist.h">
      <Filter>Drawing</Filter>
    </ClInclude>
    <ClInclude Include="DrawableTexture.h">
      <Filter>Drawing</Filter>
    </ClInclude>
    <ClInclude Include="Angle.h">
      <Filter>Utility</Filter>
    </ClInclude>
    <ClInclude Include="Touch.h">
      <Filter>System</Filter>
    </ClInclude>
    <ClInclude Include="Sharable.h">
      <Filter>Utility</Filter>
    </ClInclude>
    <ClInclude Include="UsingSharable.h">
      <Filter>Utility</Filter>
    </ClInclude>
    <ClInclude Include="Keyboard.h">
      <Filter>System</Filter>
    </ClInclude>
    <ClInclude Include="Keys.h">
      <Filter>System</Filter>
    </ClInclude>
    <ClInclude Include="SingletonWrapper.h">
      <Filter>Utility</Filter>
    </ClInclude>
    <ClInclude Include="EasyCA.h">
      <Filter>CodeAdapter</Filter>
    </ClInclude>
    <ClInclude Include="Updatable.h">
      <Filter>Drawing</Filter>
    </ClInclude>
    <ClInclude Include="Control.h">
      <Filter>UI</Filter>
    </ClInclude>
    <ClInclude Include="ControlEvent.h">
      <Filter>UI</Filter>
    </ClInclude>
    <ClInclude Include="Label.h">
      <Filter>UI</Filter>
    </ClInclude>
    <ClInclude Include="Event.h">
      <Filter>Utility</Filter>
    </ClInclude>
    <ClInclude Include="Button.h">
      <Filter>UI</Filter>
    </ClInclude>
    <ClInclude Include="TextAligns.h">
      <Filter>Drawing</Filter>
    </ClInclude>
    <ClInclude Include="ScrollBar.h">
      <Filter>UI</Filter>
    </ClInclude>
    <ClInclude Include="VerticalScrollBar.h">
      <Filter>UI</Filter>
    </ClInclude>
    <ClInclude Include="HorizontalScrollBar.h">
      <Filter>UI</Filter>
    </ClInclude>
    <ClInclude Include="WindowEvent.h">
      <Filter>System</Filter>
    </ClInclude>
    <ClInclude Include="TextBox.h">
      <Filter>UI</Filter>
    </ClInclude>
    <ClInclude Include="CheckBox.h">
      <Filter>UI</Filter>
    </ClInclude>
    <ClInclude Include="SceneManager.h">
      <Filter>Utility</Filter>
    </ClInclude>
    <ClInclude Include="Scene.h">
      <Filter>Utility</Filter>
    </ClInclude>
    <ClInclude Include="ResourcePool.h">
      <Filter>Utility</Filter>
    </ClInclude>
    <ClInclude Include="ProgressBar.h">
      <Filter>UI</Filter>
    </ClInclude>
  </ItemGroup>
  <ItemGroup>
    <ClCompile Include="Point.cpp">
      <Filter>Drawing</Filter>
    </ClCompile>
    <ClCompile Include="Size.cpp">
      <Filter>Drawing</Filter>
    </ClCompile>
    <ClCompile Include="Vector.cpp">
      <Filter>Drawing</Filter>
    </ClCompile>
    <ClCompile Include="Rectangle.cpp">
      <Filter>Drawing</Filter>
    </ClCompile>
    <ClCompile Include="Window.cpp">
      <Filter>Drawing</Filter>
    </ClCompile>
    <ClCompile Include="Color.cpp">
      <Filter>Drawing</Filter>
    </ClCompile>
    <ClCompile Include="String.cpp">
      <Filter>Utility</Filter>
    </ClCompile>
    <ClCompile Include="Factory.cpp">
      <Filter>CodeAdapter</Filter>
    </ClCompile>
    <ClCompile Include="Panel.cpp">
      <Filter>Drawing</Filter>
    </ClCompile>
    <ClCompile Include="Drawable.cpp">
      <Filter>Drawing</Filter>
    </ClCompile>
    <ClCompile Include="Graphics.cpp">
      <Filter>Drawing</Filter>
    </ClCompile>
    <ClCompile Include="Transform.cpp">
      <Filter>Drawing</Filter>
    </ClCompile>
    <ClCompile Include="TextArtist.cpp">
      <Filter>Drawing</Filter>
    </ClCompile>
    <ClCompile Include="DrawableRectangle.cpp">
      <Filter>Drawing</Filter>
    </ClCompile>
    <ClCompile Include="RectangleArtist.cpp">
      <Filter>Drawing</Filter>
    </ClCompile>
    <ClCompile Include="Artist.cpp">
      <Filter>Drawing</Filter>
    </ClCompile>
    <ClCompile Include="SharedObject.cpp">
      <Filter>Utility</Filter>
    </ClCompile>
    <ClCompile Include="DrawableEllipse.cpp">
      <Filter>Drawing</Filter>
    </ClCompile>
    <ClCompile Include="EllipseArtist.cpp">
      <Filter>Drawing</Filter>
    </ClCompile>
    <ClCompile Include="LineArtist.cpp">
      <Filter>Drawing</Filter>
    </ClCompile>
    <ClCompile Include="Line.cpp">
      <Filter>Drawing</Filter>
    </ClCompile>
    <ClCompile Include="DrawableLine.cpp">
      <Filter>Drawing</Filter>
    </ClCompile>
    <ClCompile Include="Font.cpp">
      <Filter>Drawing</Filter>
    </ClCompile>
    <ClCompile Include="DrawableText.cpp">
      <Filter>Drawing</Filter>
    </ClCompile>
    <ClCompile Include="Texture.cpp">
      <Filter>Drawing</Filter>
    </ClCompile>
    <ClCompile Include="TextureArtist.cpp">
      <Filter>Drawing</Filter>
    </ClCompile>
    <ClCompile Include="DrawableTexture.cpp">
      <Filter>Drawing</Filter>
    </ClCompile>
    <ClCompile Include="Angle.cpp">
      <Filter>Utility</Filter>
    </ClCompile>
    <ClCompile Include="Touch.cpp">
      <Filter>System</Filter>
    </ClCompile>
    <ClCompile Include="Sharable.cpp">
      <Filter>Utility</Filter>
    </ClCompile>
    <ClCompile Include="UsingSharable.cpp">
      <Filter>Utility</Filter>
    </ClCompile>
    <ClCompile Include="Keyboard.cpp">
      <Filter>System</Filter>
    </ClCompile>
    <ClCompile Include="SingletonWrapper.cpp">
      <Filter>Utility</Filter>
    </ClCompile>
    <ClCompile Include="EasyCA.cpp">
      <Filter>CodeAdapter</Filter>
    </ClCompile>
    <ClCompile Include="Updatable.cpp">
      <Filter>Drawing</Filter>
    </ClCompile>
    <ClCompile Include="Control.cpp">
      <Filter>UI</Filter>
    </ClCompile>
    <ClCompile Include="ControlEvent.cpp">
      <Filter>UI</Filter>
    </ClCompile>
    <ClCompile Include="Label.cpp">
      <Filter>UI</Filter>
    </ClCompile>
    <ClCompile Include="Event.cpp">
      <Filter>Utility</Filter>
    </ClCompile>
    <ClCompile Include="Button.cpp">
      <Filter>UI</Filter>
    </ClCompile>
    <ClCompile Include="ScrollBar.cpp">
      <Filter>UI</Filter>
    </ClCompile>
    <ClCompile Include="VerticalScrollBar.cpp">
      <Filter>UI</Filter>
    </ClCompile>
    <ClCompile Include="HorizontalScrollBar.cpp">
      <Filter>UI</Filter>
    </ClCompile>
    <ClCompile Include="WindowEvent.cpp">
      <Filter>System</Filter>
    </ClCompile>
    <ClCompile Include="TextBox.cpp">
      <Filter>UI</Filter>
    </ClCompile>
    <ClCompile Include="CheckBox.cpp">
      <Filter>UI</Filter>
    </ClCompile>
    <ClCompile Include="SceneManager.cpp">
      <Filter>Utility</Filter>
    </ClCompile>
    <ClCompile Include="Scene.cpp">
      <Filter>Utility</Filter>
    </ClCompile>
    <ClCompile Include="ResourcePool.cpp">
      <Filter>Utility</Filter>
    </ClCompile>
    <ClCompile Include="ProgressBar.cpp">
      <Filter>UI</Filter>
    </ClCompile>
  </ItemGroup>
  <ItemGroup>
    <None Include="Point.inl">
      <Filter>Drawing</Filter>
    </None>
    <None Include="Size.inl">
      <Filter>Drawing</Filter>
    </None>
    <None Include="Vector.inl">
      <Filter>Drawing</Filter>
    </None>
    <None Include="Rectangle.inl">
      <Filter>Drawing</Filter>
    </None>
    <None Include="Color.inl">
      <Filter>Drawing</Filter>
    </None>
    <None Include="Factory.inl">
      <Filter>CodeAdapter</Filter>
    </None>
    <None Include="SharedObject.inl">
      <Filter>Utility</Filter>
    </None>
    <None Include="Line.inl">
      <Filter>Drawing</Filter>
    </None>
    <None Include="SingletonWrapper.inl">
      <Filter>Utility</Filter>
    </None>
    <None Include="EasyCA.inl">
      <Filter>CodeAdapter</Filter>
    </None>
    <None Include="Event.inl">
      <Filter>Utility</Filter>
    </None>
    <None Include="Scene.inl">
      <Filter>Utility</Filter>
    </None>
    <None Include="ResourcePool.inl">
      <Filter>Utility</Filter>
    </None>
    <None Include="ControlEvent.inl">
      <Filter>UI</Filter>
    </None>
  </ItemGroup>
</Project>